
Microsoft Visual Studio Solution File, Format Version 12.00
# Visual Studio 2012
Project("{FAE04EC0-301F-11D3-BF4B-00C04F79EFBC}") = "Ninject.Extensions.WebApi.TraceLogger", "Ninject.Extensions.WebApi.TraceLogger\Ninject.Extensions.WebApi.TraceLogger.csproj", "{2183B7E9-16D5-412D-A912-93FBA738E935}"
EndProject
Project("{FAE04EC0-301F-11D3-BF4B-00C04F79EFBC}") = "NuGetPackager", "NuGetPackager\NuGetPackager.csproj", "{0451BAEF-DF2E-4B98-8644-94EE9415E389}"
EndProject
Project("{2150E333-8FDC-42A3-9474-1A3956D46DE8}") = ".nuget", ".nuget", "{3817D602-E691-4B6E-B23F-AF750FA5D8CD}"
	ProjectSection(SolutionItems) = preProject
		.nuget\NuGet.Config = .nuget\NuGet.Config
		.nuget\NuGet.targets = .nuget\NuGet.targets
		.nuget\nuget.exe = .nuget\nuget.exe
	EndProjectSection
EndProject
Project("{FAE04EC0-301F-11D3-BF4B-00C04F79EFBC}") = "Ninject.Extensions.WebApi.TraceLogger.Tests", "Ninject.Extensions.WebApi.TraceLogger.Tests\Ninject.Extensions.WebApi.TraceLogger.Tests.csproj", "{F3147845-4A1D-46EB-9474-AB3E5D5BFDED}"
EndProject
Global
	GlobalSection(SolutionConfigurationPlatforms) = preSolution
		Debug|Any CPU = Debug|Any CPU
		Release|Any CPU = Release|Any CPU
	EndGlobalSection
	GlobalSection(ProjectConfigurationPlatforms) = postSolution
		{0451BAEF-DF2E-4B98-8644-94EE9415E389}.Debug|Any CPU.ActiveCfg = Debug|Any CPU
		{0451BAEF-DF2E-4B98-8644-94EE9415E389}.Release|Any CPU.ActiveCfg = Release|Any CPU
		{0451BAEF-DF2E-4B98-8644-94EE9415E389}.Release|Any CPU.Build.0 = Release|Any CPU
		{2183B7E9-16D5-412D-A912-93FBA738E935}.Debug|Any CPU.ActiveCfg = Debug|Any CPU
		{2183B7E9-16D5-412D-A912-93FBA738E935}.Debug|Any CPU.Build.0 = Debug|Any CPU
		{2183B7E9-16D5-412D-A912-93FBA738E935}.Release|Any CPU.ActiveCfg = Release|Any CPU
		{2183B7E9-16D5-412D-A912-93FBA738E935}.Release|Any CPU.Build.0 = Release|Any CPU
		{F3147845-4A1D-46EB-9474-AB3E5D5BFDED}.Debug|Any CPU.ActiveCfg = Debug|Any CPU
		{F3147845-4A1D-46EB-9474-AB3E5D5BFDED}.Debug|Any CPU.Build.0 = Debug|Any CPU
		{F3147845-4A1D-46EB-9474-AB3E5D5BFDED}.Release|Any CPU.ActiveCfg = Release|Any CPU
		{F3147845-4A1D-46EB-9474-AB3E5D5BFDED}.Release|Any CPU.Build.0 = Release|Any CPU
	EndGlobalSection
	GlobalSection(SolutionProperties) = preSolution
		HideSolutionNode = FALSE
	EndGlobalSection
EndGlobal
